
Microsoft Visual Studio Solution File, Format Version 12.00
# Visual Studio Version 17
VisualStudioVersion = 17.13.35931.197 d17.13
MinimumVisualStudioVersion = 10.0.40219.1
Project("{FAE04EC0-301F-11D3-BF4B-00C04F79EFBC}") = "Skinalyze", "Skinalyze.csproj", "{47232835-4E3C-4C90-B20E-6117C4C97FB4}"
EndProject
Global
	GlobalSection(SolutionConfigurationPlatforms) = preSolution
		Debug|Any CPU = Debug|Any CPU
		Release|Any CPU = Release|Any CPU
	EndGlobalSection
	GlobalSection(ProjectConfigurationPlatforms) = postSolution
		{47232835-4E3C-4C90-B20E-6117C4C97FB4}.Debug|Any CPU.ActiveCfg = Debug|Any CPU
		{47232835-4E3C-4C90-B20E-6117C4C97FB4}.Debug|Any CPU.Build.0 = Debug|Any CPU
		{47232835-4E3C-4C90-B20E-6117C4C97FB4}.Release|Any CPU.ActiveCfg = Release|Any CPU
		{47232835-4E3C-4C90-B20E-6117C4C97FB4}.Release|Any CPU.Build.0 = Release|Any CPU
	EndGlobalSection
	GlobalSection(SolutionProperties) = preSolution
		HideSolutionNode = FALSE
	EndGlobalSection
	GlobalSection(ExtensibilityGlobals) = postSolution
		SolutionGuid = {B0DFDA9A-1F79-4202-B0DC-784C1B7EF6C5}
	EndGlobalSection
EndGlobal
